
Microsoft Visual Studio Solution File, Format Version 12.00
# Visual Studio Version 17
VisualStudioVersion = 17.5.002.0
MinimumVisualStudioVersion = 10.0.40219.1
Project("{9A19103F-16F7-4668-BE54-9A1E7A4F7556}") = "docker", "docker.csproj", "{ACBF545B-8959-487B-9594-83D64A9A6C9A}"
EndProject
Global
	GlobalSection(SolutionConfigurationPlatforms) = preSolution
		Debug|Any CPU = Debug|Any CPU
		Release|Any CPU = Release|Any CPU
	EndGlobalSection
	GlobalSection(ProjectConfigurationPlatforms) = postSolution
		{ACBF545B-8959-487B-9594-83D64A9A6C9A}.Debug|Any CPU.ActiveCfg = Debug|Any CPU
		{ACBF545B-8959-487B-9594-83D64A9A6C9A}.Debug|Any CPU.Build.0 = Debug|Any CPU
		{ACBF545B-8959-487B-9594-83D64A9A6C9A}.Release|Any CPU.ActiveCfg = Release|Any CPU
		{ACBF545B-8959-487B-9594-83D64A9A6C9A}.Release|Any CPU.Build.0 = Release|Any CPU
	EndGlobalSection
	GlobalSection(SolutionProperties) = preSolution
		HideSolutionNode = FALSE
	EndGlobalSection
	GlobalSection(ExtensibilityGlobals) = postSolution
		SolutionGuid = {FC38F165-A915-40C7-89A5-4C7C984CE38B}
	EndGlobalSection
EndGlobal
